{
  "name": "sayitwithmenao",
  "version": "1.0.0",
  "lockfileVersion": 1,
  "requires": true,
  "dependencies": {
    "configuration-processor": {
      "version": "1.1.1",
      "resolved": "https://registry.npmjs.org/configuration-processor/-/configuration-processor-1.1.1.tgz",
      "integrity": "sha1-8hiQhbJZ2M2eXnwqy67Fx/FiBaI="
    },
    "data-container": {
      "version": "1.1.0",
      "resolved": "https://registry.npmjs.org/data-container/-/data-container-1.1.0.tgz",
      "integrity": "sha1-/ncg9FfrPrqPQIlzwbaEwTXPiKw=",
      "requires": {
        "configuration-processor": "~1"
      }
    },
    "event-dispatcher": {
      "version": "2.4.0",
      "resolved": "https://registry.npmjs.org/event-dispatcher/-/event-dispatcher-2.4.0.tgz",
      "integrity": "sha1-i4vq2EUWzhdmQV+rkykFboU9FSo=",
      "requires": {
        "configuration-processor": "~1",
        "data-container": "~1"
      }
    },
    "filesystem": {
      "version": "1.0.1",
      "resolved": "https://registry.npmjs.org/filesystem/-/filesystem-1.0.1.tgz",
      "integrity": "sha1-va31J7YyoSU/TN3KeAp/T8ZnDX4=",
      "requires": {
        "configuration-processor": "~1",
        "event-dispatcher": "~2"
      }
    },
    "node": {
      "version": "16.6.1",
      "resolved": "https://registry.npmjs.org/node/-/node-16.6.1.tgz",
      "integrity": "sha512-qlIQ5vkAAMP+T1bYivwngIqZlUzerPSeaeAQVUvyQ2XZ8WN86ZUdzcpkW/iuEnP9paNcpAsA4p9yCsfrdjG7YQ==",
      "requires": {
        "node-bin-setup": "^1.0.0"
      }
    },
    "node-bin-setup": {
      "version": "1.0.6",
      "resolved": "https://registry.npmjs.org/node-bin-setup/-/node-bin-setup-1.0.6.tgz",
      "integrity": "sha512-uPIxXNis1CRbv1DwqAxkgBk5NFV3s7cMN/Gf556jSw6jBvV7ca4F9lRL/8cALcZecRibeqU+5dFYqFFmzv5a0Q=="
    }
  }
}
